{
  "version": 4,
  "terraform_version": "0.13.2",
  "serial": 383,
  "lineage": "3fc74858-16ec-ae8d-7796-971b1f86ee23",
  "outputs": {},
  "resources": [
    {
      "mode": "managed",
      "type": "aci_application_epg",
      "name": "APP_EPG",
      "provider": "provider[\"registry.terraform.io/terraform-providers/aci\"]",
      "instances": [
        {
          "schema_version": 1,
          "attributes": {
            "annotation": "",
            "application_profile_dn": "uni/tn-test-tenant/ap-test-app",
            "description": "",
            "exception_tag": "",
            "flood_on_encap": "disabled",
            "fwd_ctrl": "",
            "has_mcast_source": "no",
            "id": "uni/tn-test-tenant/ap-test-app/epg-APP_EPG",
            "is_attr_based_epg": "no",
            "match_t": "AtleastOne",
            "name": "APP_EPG",
            "name_alias": "",
            "pc_enf_pref": "unenforced",
            "pref_gr_memb": "exclude",
            "prio": "unspecified",
            "relation_fv_rs_aepg_mon_pol": null,
            "relation_fv_rs_bd": null,
            "relation_fv_rs_cons": null,
            "relation_fv_rs_cons_if": null,
            "relation_fv_rs_cust_qos_pol": null,
            "relation_fv_rs_dom_att": null,
            "relation_fv_rs_dpp_pol": null,
            "relation_fv_rs_fc_path_att": null,
            "relation_fv_rs_graph_def": null,
            "relation_fv_rs_intra_epg": null,
            "relation_fv_rs_node_att": null,
            "relation_fv_rs_prot_by": null,
            "relation_fv_rs_prov": null,
            "relation_fv_rs_prov_def": null,
            "relation_fv_rs_sec_inherited": null,
            "relation_fv_rs_trust_ctrl": null,
            "shutdown": "no"
          },
          "private": "eyJzY2hlbWFfdmVyc2lvbiI6IjEifQ==",
          "dependencies": [
            "aci_application_profile.test-app",
            "aci_tenant.test-tenant"
          ]
        }
      ]
    },
    {
      "mode": "managed",
      "type": "aci_application_epg",
      "name": "DB_EPG",
      "provider": "provider[\"registry.terraform.io/terraform-providers/aci\"]",
      "instances": [
        {
          "schema_version": 1,
          "attributes": {
            "annotation": "",
            "application_profile_dn": "uni/tn-test-tenant/ap-test-app",
            "description": "",
            "exception_tag": "",
            "flood_on_encap": "disabled",
            "fwd_ctrl": "",
            "has_mcast_source": "no",
            "id": "uni/tn-test-tenant/ap-test-app/epg-DB_EPG",
            "is_attr_based_epg": "no",
            "match_t": "AtleastOne",
            "name": "DB_EPG",
            "name_alias": "",
            "pc_enf_pref": "unenforced",
            "pref_gr_memb": "exclude",
            "prio": "unspecified",
            "relation_fv_rs_aepg_mon_pol": null,
            "relation_fv_rs_bd": null,
            "relation_fv_rs_cons": null,
            "relation_fv_rs_cons_if": null,
            "relation_fv_rs_cust_qos_pol": null,
            "relation_fv_rs_dom_att": null,
            "relation_fv_rs_dpp_pol": null,
            "relation_fv_rs_fc_path_att": null,
            "relation_fv_rs_graph_def": null,
            "relation_fv_rs_intra_epg": null,
            "relation_fv_rs_node_att": null,
            "relation_fv_rs_prot_by": null,
            "relation_fv_rs_prov": null,
            "relation_fv_rs_prov_def": null,
            "relation_fv_rs_sec_inherited": null,
            "relation_fv_rs_trust_ctrl": null,
            "shutdown": "no"
          },
          "private": "eyJzY2hlbWFfdmVyc2lvbiI6IjEifQ==",
          "dependencies": [
            "aci_application_profile.test-app",
            "aci_tenant.test-tenant"
          ]
        }
      ]
    },
    {
      "mode": "managed",
      "type": "aci_application_epg",
      "name": "WEB_EPG",
      "provider": "provider[\"registry.terraform.io/terraform-providers/aci\"]",
      "instances": [
        {
          "schema_version": 1,
          "attributes": {
            "annotation": "",
            "application_profile_dn": "uni/tn-test-tenant/ap-test-app",
            "description": "",
            "exception_tag": "",
            "flood_on_encap": "disabled",
            "fwd_ctrl": "",
            "has_mcast_source": "no",
            "id": "uni/tn-test-tenant/ap-test-app/epg-WEB_EPG",
            "is_attr_based_epg": "no",
            "match_t": "AtleastOne",
            "name": "WEB_EPG",
            "name_alias": "",
            "pc_enf_pref": "unenforced",
            "pref_gr_memb": "exclude",
            "prio": "unspecified",
            "relation_fv_rs_aepg_mon_pol": null,
            "relation_fv_rs_bd": null,
            "relation_fv_rs_cons": null,
            "relation_fv_rs_cons_if": null,
            "relation_fv_rs_cust_qos_pol": null,
            "relation_fv_rs_dom_att": null,
            "relation_fv_rs_dpp_pol": null,
            "relation_fv_rs_fc_path_att": null,
            "relation_fv_rs_graph_def": null,
            "relation_fv_rs_intra_epg": null,
            "relation_fv_rs_node_att": null,
            "relation_fv_rs_prot_by": null,
            "relation_fv_rs_prov": null,
            "relation_fv_rs_prov_def": null,
            "relation_fv_rs_sec_inherited": null,
            "relation_fv_rs_trust_ctrl": null,
            "shutdown": "no"
          },
          "private": "eyJzY2hlbWFfdmVyc2lvbiI6IjEifQ==",
          "dependencies": [
            "aci_application_profile.test-app",
            "aci_tenant.test-tenant"
          ]
        }
      ]
    },
    {
      "mode": "managed",
      "type": "aci_application_profile",
      "name": "test-app",
      "provider": "provider[\"registry.terraform.io/terraform-providers/aci\"]",
      "instances": [
        {
          "schema_version": 1,
          "attributes": {
            "annotation": "",
            "description": "This app profile is created by terraform",
            "id": "uni/tn-test-tenant/ap-test-app",
            "name": "test-app",
            "name_alias": "",
            "prio": "unspecified",
            "relation_fv_rs_ap_mon_pol": null,
            "tenant_dn": "uni/tn-test-tenant"
          },
          "private": "eyJzY2hlbWFfdmVyc2lvbiI6IjEifQ==",
          "dependencies": [
            "aci_tenant.test-tenant"
          ]
        }
      ]
    },
    {
      "mode": "managed",
      "type": "aci_bridge_domain",
      "name": "dev_bd",
      "provider": "provider[\"registry.terraform.io/terraform-providers/aci\"]",
      "instances": [
        {
          "schema_version": 1,
          "attributes": {
            "annotation": "",
            "arp_flood": "no",
            "bridge_domain_type": "regular",
            "description": "",
            "ep_clear": "no",
            "ep_move_detect_mode": "",
            "host_based_routing": "no",
            "id": "uni/tn-test-tenant/BD-dev_bd",
            "intersite_bum_traffic_allow": "no",
            "intersite_l2_stretch": "no",
            "ip_learning": "yes",
            "ipv6_mcast_allow": "no",
            "limit_ip_learn_to_subnets": "yes",
            "ll_addr": "::",
            "mac": "00:22:BD:F8:19:FF",
            "mcast_allow": "no",
            "multi_dst_pkt_act": "bd-flood",
            "name": "dev_bd",
            "name_alias": "",
            "optimize_wan_bandwidth": "no",
            "relation_fv_rs_abd_pol_mon_pol": null,
            "relation_fv_rs_bd_flood_to": null,
            "relation_fv_rs_bd_to_ep_ret": null,
            "relation_fv_rs_bd_to_fhs": null,
            "relation_fv_rs_bd_to_nd_p": null,
            "relation_fv_rs_bd_to_netflow_monitor_pol": [],
            "relation_fv_rs_bd_to_out": null,
            "relation_fv_rs_bd_to_profile": null,
            "relation_fv_rs_bd_to_relay_p": null,
            "relation_fv_rs_ctx": null,
            "relation_fv_rs_igmpsn": null,
            "relation_fv_rs_mldsn": null,
            "tenant_dn": "uni/tn-test-tenant",
            "unicast_route": "yes",
            "unk_mac_ucast_act": "proxy",
            "unk_mcast_act": "flood",
            "v6unk_mcast_act": "flood",
            "vmac": "not-applicable"
          },
          "private": "eyJzY2hlbWFfdmVyc2lvbiI6IjEifQ==",
          "dependencies": [
            "aci_tenant.test-tenant"
          ]
        }
      ]
    },
    {
      "mode": "managed",
      "type": "aci_contract",
      "name": "app_to_web",
      "provider": "provider[\"registry.terraform.io/terraform-providers/aci\"]",
      "instances": [
        {
          "schema_version": 1,
          "attributes": {
            "annotation": "",
            "description": "",
            "filter": [],
            "filter_entry_ids": [],
            "filter_ids": [],
            "id": "uni/tn-test-tenant/brc-app_to_web",
            "name": "app_to_web",
            "name_alias": "",
            "prio": "unspecified",
            "relation_vz_rs_graph_att": null,
            "scope": "context",
            "target_dscp": "unspecified",
            "tenant_dn": "uni/tn-test-tenant"
          },
          "private": "eyJzY2hlbWFfdmVyc2lvbiI6IjEifQ==",
          "dependencies": [
            "aci_tenant.test-tenant"
          ]
        }
      ]
    },
    {
      "mode": "managed",
      "type": "aci_contract",
      "name": "db_to_app",
      "provider": "provider[\"registry.terraform.io/terraform-providers/aci\"]",
      "instances": [
        {
          "schema_version": 1,
          "attributes": {
            "annotation": "",
            "description": "",
            "filter": [],
            "filter_entry_ids": [],
            "filter_ids": [],
            "id": "uni/tn-test-tenant/brc-db_to_app",
            "name": "db_to_app",
            "name_alias": "",
            "prio": "unspecified",
            "relation_vz_rs_graph_att": null,
            "scope": "context",
            "target_dscp": "unspecified",
            "tenant_dn": "uni/tn-test-tenant"
          },
          "private": "eyJzY2hlbWFfdmVyc2lvbiI6IjEifQ==",
          "dependencies": [
            "aci_tenant.test-tenant"
          ]
        }
      ]
    },
    {
      "mode": "managed",
      "type": "aci_contract",
      "name": "web_to_internet",
      "provider": "provider[\"registry.terraform.io/terraform-providers/aci\"]",
      "instances": [
        {
          "schema_version": 1,
          "attributes": {
            "annotation": "",
            "description": "",
            "filter": [],
            "filter_entry_ids": [],
            "filter_ids": [],
            "id": "uni/tn-test-tenant/brc-web_to_internet",
            "name": "web_to_internet",
            "name_alias": "",
            "prio": "unspecified",
            "relation_vz_rs_graph_att": null,
            "scope": "context",
            "target_dscp": "unspecified",
            "tenant_dn": "uni/tn-test-tenant"
          },
          "private": "eyJzY2hlbWFfdmVyc2lvbiI6IjEifQ==",
          "dependencies": [
            "aci_tenant.test-tenant"
          ]
        }
      ]
    },
    {
      "mode": "managed",
      "type": "aci_contract_subject",
      "name": "dev_app",
      "provider": "provider[\"registry.terraform.io/terraform-providers/aci\"]",
      "instances": [
        {
          "schema_version": 1,
          "attributes": {
            "annotation": "",
            "cons_match_t": "AtleastOne",
            "contract_dn": "uni/tn-test-tenant/brc-app_to_web",
            "description": "",
            "id": "uni/tn-test-tenant/brc-app_to_web/subj-tomcat",
            "name": "tomcat",
            "name_alias": "",
            "prio": "unspecified",
            "prov_match_t": "AtleastOne",
            "relation_vz_rs_sdwan_pol": null,
            "relation_vz_rs_subj_filt_att": [
              "uni/tn-test-tenant/flt-allow_tomcat2"
            ],
            "relation_vz_rs_subj_graph_att": null,
            "rev_flt_ports": "yes",
            "target_dscp": "unspecified"
          },
          "private": "eyJzY2hlbWFfdmVyc2lvbiI6IjEifQ==",
          "dependencies": [
            "aci_contract.app_to_web",
            "aci_filter.allow_tomcat2",
            "aci_tenant.test-tenant"
          ]
        }
      ]
    },
    {
      "mode": "managed",
      "type": "aci_contract_subject",
      "name": "dev_db",
      "provider": "provider[\"registry.terraform.io/terraform-providers/aci\"]",
      "instances": [
        {
          "schema_version": 1,
          "attributes": {
            "annotation": "",
            "cons_match_t": "AtleastOne",
            "contract_dn": "uni/tn-test-tenant/brc-db_to_app",
            "description": "",
            "id": "uni/tn-test-tenant/brc-db_to_app/subj-mysql",
            "name": "mysql",
            "name_alias": "",
            "prio": "unspecified",
            "prov_match_t": "AtleastOne",
            "relation_vz_rs_sdwan_pol": null,
            "relation_vz_rs_subj_filt_att": [
              "uni/tn-test-tenant/flt-allow_mysql"
            ],
            "relation_vz_rs_subj_graph_att": null,
            "rev_flt_ports": "yes",
            "target_dscp": "unspecified"
          },
          "private": "eyJzY2hlbWFfdmVyc2lvbiI6IjEifQ==",
          "dependencies": [
            "aci_contract.db_to_app",
            "aci_filter.allow_mysql",
            "aci_tenant.test-tenant"
          ]
        }
      ]
    },
    {
      "mode": "managed",
      "type": "aci_epg_to_contract",
      "name": "app_to_db_provider",
      "provider": "provider[\"registry.terraform.io/terraform-providers/aci\"]",
      "instances": [
        {
          "schema_version": 1,
          "attributes": {
            "annotation": "",
            "application_epg_dn": "uni/tn-test-tenant/ap-test-app/epg-DB_EPG",
            "contract_dn": "uni/tn-test-tenant/brc-db_to_app",
            "contract_type": "provider",
            "description": null,
            "id": "uni/tn-test-tenant/ap-test-app/epg-DB_EPG/rsprov-db_to_app",
            "match_t": "AtleastOne",
            "prio": "unspecified"
          },
          "private": "eyJzY2hlbWFfdmVyc2lvbiI6IjEifQ==",
          "dependencies": [
            "aci_application_epg.DB_EPG",
            "aci_application_profile.test-app",
            "aci_contract.db_to_app",
            "aci_tenant.test-tenant"
          ]
        }
      ]
    },
    {
      "mode": "managed",
      "type": "aci_epg_to_contract",
      "name": "app_to_web_consumer",
      "provider": "provider[\"registry.terraform.io/terraform-providers/aci\"]",
      "instances": [
        {
          "schema_version": 1,
          "attributes": {
            "annotation": "",
            "application_epg_dn": "uni/tn-test-tenant/ap-test-app/epg-WEB_EPG",
            "contract_dn": "uni/tn-test-tenant/brc-app_to_web",
            "contract_type": "consumer",
            "description": null,
            "id": "uni/tn-test-tenant/ap-test-app/epg-WEB_EPG/rscons-app_to_web",
            "match_t": null,
            "prio": "unspecified"
          },
          "private": "eyJzY2hlbWFfdmVyc2lvbiI6IjEifQ==",
          "dependencies": [
            "aci_application_epg.WEB_EPG",
            "aci_application_profile.test-app",
            "aci_contract.app_to_web",
            "aci_tenant.test-tenant"
          ]
        }
      ]
    },
    {
      "mode": "managed",
      "type": "aci_epg_to_contract",
      "name": "app_to_web_provider",
      "provider": "provider[\"registry.terraform.io/terraform-providers/aci\"]",
      "instances": [
        {
          "schema_version": 1,
          "attributes": {
            "annotation": "",
            "application_epg_dn": "uni/tn-test-tenant/ap-test-app/epg-APP_EPG",
            "contract_dn": "uni/tn-test-tenant/brc-app_to_web",
            "contract_type": "provider",
            "description": null,
            "id": "uni/tn-test-tenant/ap-test-app/epg-APP_EPG/rsprov-app_to_web",
            "match_t": "AtleastOne",
            "prio": "unspecified"
          },
          "private": "eyJzY2hlbWFfdmVyc2lvbiI6IjEifQ==",
          "dependencies": [
            "aci_application_epg.APP_EPG",
            "aci_application_profile.test-app",
            "aci_contract.app_to_web",
            "aci_tenant.test-tenant"
          ]
        }
      ]
    },
    {
      "mode": "managed",
      "type": "aci_epg_to_contract",
      "name": "db_to_app_consumer",
      "provider": "provider[\"registry.terraform.io/terraform-providers/aci\"]",
      "instances": [
        {
          "schema_version": 1,
          "attributes": {
            "annotation": "",
            "application_epg_dn": "uni/tn-test-tenant/ap-test-app/epg-APP_EPG",
            "contract_dn": "uni/tn-test-tenant/brc-db_to_app",
            "contract_type": "consumer",
            "description": null,
            "id": "uni/tn-test-tenant/ap-test-app/epg-APP_EPG/rscons-db_to_app",
            "match_t": null,
            "prio": "unspecified"
          },
          "private": "eyJzY2hlbWFfdmVyc2lvbiI6IjEifQ==",
          "dependencies": [
            "aci_application_epg.APP_EPG",
            "aci_application_profile.test-app",
            "aci_contract.db_to_app",
            "aci_tenant.test-tenant"
          ]
        }
      ]
    },
    {
      "mode": "managed",
      "type": "aci_epg_to_contract",
      "name": "web_to_internet_consumer",
      "provider": "provider[\"registry.terraform.io/terraform-providers/aci\"]",
      "instances": [
        {
          "schema_version": 1,
          "attributes": {
            "annotation": "",
            "application_epg_dn": "uni/tn-test-tenant/out-internet/instP-ext_net_profile",
            "contract_dn": "uni/tn-test-tenant/brc-web_to_internet",
            "contract_type": "consumer",
            "description": null,
            "id": "uni/tn-test-tenant/out-internet/instP-ext_net_profile/rscons-web_to_internet",
            "match_t": null,
            "prio": "unspecified"
          },
          "private": "eyJzY2hlbWFfdmVyc2lvbiI6IjEifQ==",
          "dependencies": [
            "aci_contract.web_to_internet",
            "aci_external_network_instance_profile.dev_ext_net_prof",
            "aci_l3_outside.internet",
            "aci_tenant.test-tenant"
          ]
        }
      ]
    },
    {
      "mode": "managed",
      "type": "aci_epg_to_contract",
      "name": "web_to_internet_provider",
      "provider": "provider[\"registry.terraform.io/terraform-providers/aci\"]",
      "instances": [
        {
          "schema_version": 1,
          "attributes": {
            "annotation": "",
            "application_epg_dn": "uni/tn-test-tenant/ap-test-app/epg-WEB_EPG",
            "contract_dn": "uni/tn-test-tenant/brc-web_to_internet",
            "contract_type": "provider",
            "description": null,
            "id": "uni/tn-test-tenant/ap-test-app/epg-WEB_EPG/rsprov-web_to_internet",
            "match_t": "AtleastOne",
            "prio": "unspecified"
          },
          "private": "eyJzY2hlbWFfdmVyc2lvbiI6IjEifQ==",
          "dependencies": [
            "aci_application_epg.WEB_EPG",
            "aci_application_profile.test-app",
            "aci_contract.web_to_internet",
            "aci_tenant.test-tenant"
          ]
        }
      ]
    },
    {
      "mode": "managed",
      "type": "aci_epg_to_domain",
      "name": "app",
      "provider": "provider[\"registry.terraform.io/terraform-providers/aci\"]",
      "instances": [
        {
          "schema_version": 1,
          "attributes": {
            "annotation": "",
            "application_epg_dn": "uni/tn-test-tenant/ap-test-app/epg-APP_EPG",
            "binding_type": "none",
            "class_pref": "encap",
            "delimiter": "",
            "description": null,
            "encap": "unknown",
            "encap_mode": "auto",
            "epg_cos": "Cos0",
            "epg_cos_pref": "disabled",
            "id": "uni/tn-test-tenant/ap-test-app/epg-APP_EPG/rsdomAtt-[uni/vmmp-VMware/dom-MIA-VDS]",
            "instr_imedcy": "lazy",
            "lag_policy_name": "",
            "netflow_dir": "both",
            "netflow_pref": "disabled",
            "num_ports": "0",
            "port_allocation": "none",
            "primary_encap": "unknown",
            "primary_encap_inner": "unknown",
            "res_imedcy": "lazy",
            "secondary_encap_inner": "unknown",
            "switching_mode": "native",
            "tdn": "uni/vmmp-VMware/dom-MIA-VDS",
            "vmm_allow_promiscuous": "reject",
            "vmm_forged_transmits": "reject",
            "vmm_id": "uni/tn-test-tenant/ap-test-app/epg-APP_EPG/rsdomAtt-[uni/vmmp-VMware/dom-MIA-VDS]/sec",
            "vmm_mac_changes": "reject"
          },
          "private": "eyJzY2hlbWFfdmVyc2lvbiI6IjEifQ==",
          "dependencies": [
            "aci_application_epg.APP_EPG",
            "aci_application_profile.test-app",
            "aci_tenant.test-tenant"
          ]
        }
      ]
    },
    {
      "mode": "managed",
      "type": "aci_epg_to_domain",
      "name": "db",
      "provider": "provider[\"registry.terraform.io/terraform-providers/aci\"]",
      "instances": [
        {
          "schema_version": 1,
          "attributes": {
            "annotation": "",
            "application_epg_dn": "uni/tn-test-tenant/ap-test-app/epg-DB_EPG",
            "binding_type": "none",
            "class_pref": "encap",
            "delimiter": "",
            "description": null,
            "encap": "unknown",
            "encap_mode": "auto",
            "epg_cos": "Cos0",
            "epg_cos_pref": "disabled",
            "id": "uni/tn-test-tenant/ap-test-app/epg-DB_EPG/rsdomAtt-[uni/vmmp-VMware/dom-MIA-VDS]",
            "instr_imedcy": "lazy",
            "lag_policy_name": "",
            "netflow_dir": "both",
            "netflow_pref": "disabled",
            "num_ports": "0",
            "port_allocation": "none",
            "primary_encap": "unknown",
            "primary_encap_inner": "unknown",
            "res_imedcy": "lazy",
            "secondary_encap_inner": "unknown",
            "switching_mode": "native",
            "tdn": "uni/vmmp-VMware/dom-MIA-VDS",
            "vmm_allow_promiscuous": "reject",
            "vmm_forged_transmits": "reject",
            "vmm_id": "uni/tn-test-tenant/ap-test-app/epg-DB_EPG/rsdomAtt-[uni/vmmp-VMware/dom-MIA-VDS]/sec",
            "vmm_mac_changes": "reject"
          },
          "private": "eyJzY2hlbWFfdmVyc2lvbiI6IjEifQ==",
          "dependencies": [
            "aci_application_epg.DB_EPG",
            "aci_application_profile.test-app",
            "aci_tenant.test-tenant"
          ]
        }
      ]
    },
    {
      "mode": "managed",
      "type": "aci_epg_to_domain",
      "name": "web",
      "provider": "provider[\"registry.terraform.io/terraform-providers/aci\"]",
      "instances": [
        {
          "schema_version": 1,
          "attributes": {
            "annotation": "",
            "application_epg_dn": "uni/tn-test-tenant/ap-test-app/epg-WEB_EPG",
            "binding_type": "none",
            "class_pref": "encap",
            "delimiter": "",
            "description": null,
            "encap": "unknown",
            "encap_mode": "auto",
            "epg_cos": "Cos0",
            "epg_cos_pref": "disabled",
            "id": "uni/tn-test-tenant/ap-test-app/epg-WEB_EPG/rsdomAtt-[uni/vmmp-VMware/dom-MIA-VDS]",
            "instr_imedcy": "lazy",
            "lag_policy_name": "",
            "netflow_dir": "both",
            "netflow_pref": "disabled",
            "num_ports": "0",
            "port_allocation": "none",
            "primary_encap": "unknown",
            "primary_encap_inner": "unknown",
            "res_imedcy": "lazy",
            "secondary_encap_inner": "unknown",
            "switching_mode": "native",
            "tdn": "uni/vmmp-VMware/dom-MIA-VDS",
            "vmm_allow_promiscuous": "reject",
            "vmm_forged_transmits": "reject",
            "vmm_id": "uni/tn-test-tenant/ap-test-app/epg-WEB_EPG/rsdomAtt-[uni/vmmp-VMware/dom-MIA-VDS]/sec",
            "vmm_mac_changes": "reject"
          },
          "private": "eyJzY2hlbWFfdmVyc2lvbiI6IjEifQ==",
          "dependencies": [
            "aci_application_epg.WEB_EPG",
            "aci_application_profile.test-app",
            "aci_tenant.test-tenant"
          ]
        }
      ]
    },
    {
      "mode": "managed",
      "type": "aci_external_network_instance_profile",
      "name": "dev_ext_net_prof",
      "provider": "provider[\"registry.terraform.io/terraform-providers/aci\"]",
      "instances": [
        {
          "schema_version": 1,
          "attributes": {
            "annotation": "",
            "description": "",
            "exception_tag": "",
            "flood_on_encap": "disabled",
            "id": "uni/tn-test-tenant/out-internet/instP-ext_net_profile",
            "l3_outside_dn": "uni/tn-test-tenant/out-internet",
            "match_t": "AtleastOne",
            "name": "ext_net_profile",
            "name_alias": "",
            "pref_gr_memb": "exclude",
            "prio": "unspecified",
            "relation_fv_rs_cons": null,
            "relation_fv_rs_cons_if": null,
            "relation_fv_rs_cust_qos_pol": null,
            "relation_fv_rs_intra_epg": null,
            "relation_fv_rs_prot_by": null,
            "relation_fv_rs_prov": null,
            "relation_fv_rs_sec_inherited": null,
            "relation_l3ext_rs_inst_p_to_nat_mapping_epg": null,
            "relation_l3ext_rs_inst_p_to_profile": [],
            "relation_l3ext_rs_l3_inst_p_to_dom_p": null,
            "target_dscp": "unspecified"
          },
          "private": "eyJzY2hlbWFfdmVyc2lvbiI6IjEifQ==",
          "dependencies": [
            "aci_l3_outside.internet",
            "aci_tenant.test-tenant"
          ]
        }
      ]
    },
    {
      "mode": "managed",
      "type": "aci_filter",
      "name": "allow_http",
      "provider": "provider[\"registry.terraform.io/terraform-providers/aci\"]",
      "instances": [
        {
          "schema_version": 1,
          "attributes": {
            "annotation": "",
            "description": "",
            "id": "uni/tn-test-tenant/flt-allow_http",
            "name": "allow_http",
            "name_alias": "",
            "relation_vz_rs_filt_graph_att": null,
            "relation_vz_rs_fwd_r_flt_p_att": null,
            "relation_vz_rs_rev_r_flt_p_att": null,
            "tenant_dn": "uni/tn-test-tenant"
          },
          "private": "eyJzY2hlbWFfdmVyc2lvbiI6IjEifQ==",
          "dependencies": [
            "aci_tenant.test-tenant"
          ]
        }
      ]
    },
    {
      "mode": "managed",
      "type": "aci_filter",
      "name": "allow_mysql",
      "provider": "provider[\"registry.terraform.io/terraform-providers/aci\"]",
      "instances": [
        {
          "schema_version": 1,
          "attributes": {
            "annotation": "",
            "description": "",
            "id": "uni/tn-test-tenant/flt-allow_mysql",
            "name": "allow_mysql",
            "name_alias": "",
            "relation_vz_rs_filt_graph_att": null,
            "relation_vz_rs_fwd_r_flt_p_att": null,
            "relation_vz_rs_rev_r_flt_p_att": null,
            "tenant_dn": "uni/tn-test-tenant"
          },
          "private": "eyJzY2hlbWFfdmVyc2lvbiI6IjEifQ==",
          "dependencies": [
            "aci_tenant.test-tenant"
          ]
        }
      ]
    },
    {
      "mode": "managed",
      "type": "aci_filter",
      "name": "allow_tomcat2",
      "provider": "provider[\"registry.terraform.io/terraform-providers/aci\"]",
      "instances": [
        {
          "schema_version": 1,
          "attributes": {
            "annotation": "",
            "description": "",
            "id": "uni/tn-test-tenant/flt-allow_tomcat2",
            "name": "allow_tomcat2",
            "name_alias": "",
            "relation_vz_rs_filt_graph_att": null,
            "relation_vz_rs_fwd_r_flt_p_att": null,
            "relation_vz_rs_rev_r_flt_p_att": null,
            "tenant_dn": "uni/tn-test-tenant"
          },
          "private": "eyJzY2hlbWFfdmVyc2lvbiI6IjEifQ==",
          "dependencies": [
            "aci_tenant.test-tenant"
          ]
        }
      ]
    },
    {
      "mode": "managed",
      "type": "aci_filter_entry",
      "name": "http",
      "provider": "provider[\"registry.terraform.io/terraform-providers/aci\"]",
      "instances": [
        {
          "schema_version": 1,
          "attributes": {
            "annotation": "",
            "apply_to_frag": "no",
            "arp_opc": "unspecified",
            "d_from_port": "80",
            "d_to_port": "80",
            "description": "",
            "ether_t": "ip",
            "filter_dn": "uni/tn-test-tenant/flt-allow_http",
            "icmpv4_t": "unspecified",
            "icmpv6_t": "unspecified",
            "id": "uni/tn-test-tenant/flt-allow_http/e-http",
            "match_dscp": "unspecified",
            "name": "http",
            "name_alias": "",
            "prot": "tcp",
            "s_from_port": "unspecified",
            "s_to_port": "unspecified",
            "stateful": "no",
            "tcp_rules": ""
          },
          "private": "eyJzY2hlbWFfdmVyc2lvbiI6IjEifQ==",
          "dependencies": [
            "aci_filter.allow_http",
            "aci_tenant.test-tenant"
          ]
        }
      ]
    },
    {
      "mode": "managed",
      "type": "aci_filter_entry",
      "name": "https",
      "provider": "provider[\"registry.terraform.io/terraform-providers/aci\"]",
      "instances": [
        {
          "schema_version": 1,
          "attributes": {
            "annotation": "",
            "apply_to_frag": "no",
            "arp_opc": "unspecified",
            "d_from_port": "https",
            "d_to_port": "https",
            "description": "",
            "ether_t": "ip",
            "filter_dn": "uni/tn-test-tenant/flt-allow_http",
            "icmpv4_t": "unspecified",
            "icmpv6_t": "unspecified",
            "id": "uni/tn-test-tenant/flt-allow_http/e-https",
            "match_dscp": "unspecified",
            "name": "https",
            "name_alias": "",
            "prot": "tcp",
            "s_from_port": "unspecified",
            "s_to_port": "unspecified",
            "stateful": "no",
            "tcp_rules": ""
          },
          "private": "eyJzY2hlbWFfdmVyc2lvbiI6IjEifQ==",
          "dependencies": [
            "aci_filter.allow_http",
            "aci_tenant.test-tenant"
          ]
        }
      ]
    },
    {
      "mode": "managed",
      "type": "aci_filter_entry",
      "name": "mysql",
      "provider": "provider[\"registry.terraform.io/terraform-providers/aci\"]",
      "instances": [
        {
          "schema_version": 1,
          "attributes": {
            "annotation": "",
            "apply_to_frag": "no",
            "arp_opc": "unspecified",
            "d_from_port": "3306",
            "d_to_port": "3306",
            "description": "",
            "ether_t": "ip",
            "filter_dn": "uni/tn-test-tenant/flt-allow_mysql",
            "icmpv4_t": "unspecified",
            "icmpv6_t": "unspecified",
            "id": "uni/tn-test-tenant/flt-allow_mysql/e-mysql",
            "match_dscp": "unspecified",
            "name": "mysql",
            "name_alias": "",
            "prot": "tcp",
            "s_from_port": "unspecified",
            "s_to_port": "unspecified",
            "stateful": "no",
            "tcp_rules": ""
          },
          "private": "eyJzY2hlbWFfdmVyc2lvbiI6IjEifQ==",
          "dependencies": [
            "aci_filter.allow_mysql",
            "aci_tenant.test-tenant"
          ]
        }
      ]
    },
    {
      "mode": "managed",
      "type": "aci_filter_entry",
      "name": "tomcat",
      "provider": "provider[\"registry.terraform.io/terraform-providers/aci\"]",
      "instances": [
        {
          "schema_version": 1,
          "attributes": {
            "annotation": "",
            "apply_to_frag": "no",
            "arp_opc": "unspecified",
            "d_from_port": "8080",
            "d_to_port": "8080",
            "description": "",
            "ether_t": "ip",
            "filter_dn": "uni/tn-test-tenant/flt-allow_tomcat2",
            "icmpv4_t": "unspecified",
            "icmpv6_t": "unspecified",
            "id": "uni/tn-test-tenant/flt-allow_tomcat2/e-tomcat",
            "match_dscp": "unspecified",
            "name": "tomcat",
            "name_alias": "",
            "prot": "tcp",
            "s_from_port": "unspecified",
            "s_to_port": "unspecified",
            "stateful": "no",
            "tcp_rules": ""
          },
          "private": "eyJzY2hlbWFfdmVyc2lvbiI6IjEifQ==",
          "dependencies": [
            "aci_filter.allow_tomcat2",
            "aci_tenant.test-tenant"
          ]
        }
      ]
    },
    {
      "mode": "managed",
      "type": "aci_l3_ext_subnet",
      "name": "ext_subnet",
      "provider": "provider[\"registry.terraform.io/terraform-providers/aci\"]",
      "instances": [
        {
          "schema_version": 1,
          "attributes": {
            "aggregate": "",
            "annotation": "",
            "description": "",
            "external_network_instance_profile_dn": "uni/tn-test-tenant/out-internet/instP-ext_net_profile",
            "id": "uni/tn-test-tenant/out-internet/instP-ext_net_profile/extsubnet-[10.0.3.28/27]",
            "ip": "10.0.3.28/27",
            "name_alias": "",
            "relation_l3ext_rs_subnet_to_profile": [],
            "relation_l3ext_rs_subnet_to_rt_summ": null,
            "scope": "import-security"
          },
          "private": "eyJzY2hlbWFfdmVyc2lvbiI6IjEifQ==",
          "dependencies": [
            "aci_external_network_instance_profile.dev_ext_net_prof",
            "aci_l3_outside.internet",
            "aci_tenant.test-tenant"
          ]
        }
      ]
    },
    {
      "mode": "managed",
      "type": "aci_l3_outside",
      "name": "internet",
      "provider": "provider[\"registry.terraform.io/terraform-providers/aci\"]",
      "instances": [
        {
          "schema_version": 1,
          "attributes": {
            "annotation": "",
            "description": "",
            "enforce_rtctrl": "export",
            "id": "uni/tn-test-tenant/out-internet",
            "name": "internet",
            "name_alias": "",
            "relation_l3ext_rs_dampening_pol": [],
            "relation_l3ext_rs_ectx": null,
            "relation_l3ext_rs_interleak_pol": null,
            "relation_l3ext_rs_l3_dom_att": null,
            "relation_l3ext_rs_out_to_bd_public_subnet_holder": null,
            "target_dscp": "unspecified",
            "tenant_dn": "uni/tn-test-tenant"
          },
          "private": "eyJzY2hlbWFfdmVyc2lvbiI6IjEifQ==",
          "dependencies": [
            "aci_tenant.test-tenant"
          ]
        }
      ]
    },
    {
      "mode": "managed",
      "type": "aci_subnet",
      "name": "dev_subnet",
      "provider": "provider[\"registry.terraform.io/terraform-providers/aci\"]",
      "instances": [
        {
          "schema_version": 1,
          "attributes": {
            "annotation": "",
            "bridge_domain_dn": "uni/tn-test-tenant/BD-dev_bd",
            "ctrl": "nd",
            "description": "",
            "id": "uni/tn-test-tenant/BD-dev_bd/subnet-[10.10.0.1/16]",
            "ip": "10.10.0.1/16",
            "name_alias": "",
            "preferred": "no",
            "relation_fv_rs_bd_subnet_to_out": null,
            "relation_fv_rs_bd_subnet_to_profile": null,
            "relation_fv_rs_nd_pfx_pol": null,
            "scope": "private",
            "virtual": "no"
          },
          "private": "eyJzY2hlbWFfdmVyc2lvbiI6IjEifQ==",
          "dependencies": [
            "aci_bridge_domain.dev_bd",
            "aci_tenant.test-tenant"
          ]
        }
      ]
    },
    {
      "mode": "managed",
      "type": "aci_tenant",
      "name": "test-tenant",
      "provider": "provider[\"registry.terraform.io/terraform-providers/aci\"]",
      "instances": [
        {
          "schema_version": 1,
          "attributes": {
            "annotation": "",
            "description": "This tenant is created by terraform",
            "id": "uni/tn-test-tenant",
            "name": "test-tenant",
            "name_alias": "",
            "relation_fv_rs_tenant_mon_pol": null,
            "relation_fv_rs_tn_deny_rule": null
          },
          "private": "eyJzY2hlbWFfdmVyc2lvbiI6IjEifQ=="
        }
      ]
    },
    {
      "mode": "managed",
      "type": "aci_vrf",
      "name": "test-vrf",
      "provider": "provider[\"registry.terraform.io/terraform-providers/aci\"]",
      "instances": [
        {
          "schema_version": 1,
          "attributes": {
            "annotation": "",
            "bd_enforced_enable": "no",
            "description": "",
            "id": "uni/tn-test-tenant/ctx-test-vrf",
            "ip_data_plane_learning": "enabled",
            "knw_mcast_act": "permit",
            "name": "test-vrf",
            "name_alias": "",
            "pc_enf_dir": "ingress",
            "pc_enf_pref": "enforced",
            "relation_fv_rs_bgp_ctx_pol": null,
            "relation_fv_rs_ctx_mcast_to": null,
            "relation_fv_rs_ctx_mon_pol": null,
            "relation_fv_rs_ctx_to_bgp_ctx_af_pol": [],
            "relation_fv_rs_ctx_to_eigrp_ctx_af_pol": [],
            "relation_fv_rs_ctx_to_ep_ret": null,
            "relation_fv_rs_ctx_to_ext_route_tag_pol": null,
            "relation_fv_rs_ctx_to_ospf_ctx_pol": [],
            "relation_fv_rs_ospf_ctx_pol": null,
            "relation_fv_rs_vrf_validation_pol": null,
            "tenant_dn": "uni/tn-test-tenant"
          },
          "private": "eyJzY2hlbWFfdmVyc2lvbiI6IjEifQ==",
          "dependencies": [
            "aci_tenant.test-tenant"
          ]
        }
      ]
    }
  ]
}
